schema: '2.0'
stages:
  load_data:
    cmd: python src/load_data.py --config=params.yaml
    deps:
    - path: data_given/RI_CrashData.csv
      md5: ca701dd75eb83fa6086440bcf24d1875
      size: 1318972
    - path: src/get_data.py
      md5: db7730736da9e3274083bc90eccf7000
      size: 682
    - path: src/load_data.py
      md5: bf9ea6e0fcd2ef3899ba4c7d8292dec1
      size: 666
    outs:
    - path: data/raw/RI_CrashData.csv
      md5: 64d46dfacacc161bed37d119d59dc3d6
      size: 1354592
